
Microsoft Visual Studio Solution File, Format Version 12.00
Project("{FAE04EC0-301F-11D3-BF4B-00C04F79EFBC}") = "SystemAnalyzator.EXMPL", "SystemAnalyzator.EXMPL\SystemAnalyzator.EXMPL.csproj", "{8C7AB9A1-CBC4-477F-9BDC-8F9E6226D468}"
EndProject
Global
	GlobalSection(SolutionConfigurationPlatforms) = preSolution
		Debug|Any CPU = Debug|Any CPU
		Release|Any CPU = Release|Any CPU
	EndGlobalSection
	GlobalSection(ProjectConfigurationPlatforms) = postSolution
		{8C7AB9A1-CBC4-477F-9BDC-8F9E6226D468}.Debug|Any CPU.ActiveCfg = Debug|Any CPU
		{8C7AB9A1-CBC4-477F-9BDC-8F9E6226D468}.Debug|Any CPU.Build.0 = Debug|Any CPU
		{8C7AB9A1-CBC4-477F-9BDC-8F9E6226D468}.Release|Any CPU.ActiveCfg = Release|Any CPU
		{8C7AB9A1-CBC4-477F-9BDC-8F9E6226D468}.Release|Any CPU.Build.0 = Release|Any CPU
	EndGlobalSection
EndGlobal
